
Microsoft Visual Studio Solution File, Format Version 12.00
# Visual Studio Version 17
VisualStudioVersion = 17.10.35027.167
MinimumVisualStudioVersion = 10.0.40219.1
Project("{FAE04EC0-301F-11D3-BF4B-00C04F79EFBC}") = "AdminUserApp", "AdminUserApp\AdminUserApp.csproj", "{34989FE3-806A-4BDF-9A22-1525B076F0D1}"
EndProject
Project("{FAE04EC0-301F-11D3-BF4B-00C04F79EFBC}") = "DataAccessLayer", "DataAccessLayer\DataAccessLayer.csproj", "{E5B1B486-5DB0-4B97-A485-D2F1126AA706}"
EndProject
Project("{FAE04EC0-301F-11D3-BF4B-00C04F79EFBC}") = "BusinessAccessLayer", "BusinessAccessLayer\BusinessAccessLayer.csproj", "{B1A60F94-4385-42CA-825A-37DD856BCCFD}"
EndProject
Project("{FAE04EC0-301F-11D3-BF4B-00C04F79EFBC}") = "CommonLayer", "CommonLayer\CommonLayer.csproj", "{48646AD7-5CD4-4CF8-81C6-21DF5F367F7A}"
EndProject
Global
	GlobalSection(SolutionConfigurationPlatforms) = preSolution
		Debug|Any CPU = Debug|Any CPU
		Release|Any CPU = Release|Any CPU
	EndGlobalSection
	GlobalSection(ProjectConfigurationPlatforms) = postSolution
		{34989FE3-806A-4BDF-9A22-1525B076F0D1}.Debug|Any CPU.ActiveCfg = Debug|Any CPU
		{34989FE3-806A-4BDF-9A22-1525B076F0D1}.Debug|Any CPU.Build.0 = Debug|Any CPU
		{34989FE3-806A-4BDF-9A22-1525B076F0D1}.Release|Any CPU.ActiveCfg = Release|Any CPU
		{34989FE3-806A-4BDF-9A22-1525B076F0D1}.Release|Any CPU.Build.0 = Release|Any CPU
		{E5B1B486-5DB0-4B97-A485-D2F1126AA706}.Debug|Any CPU.ActiveCfg = Debug|Any CPU
		{E5B1B486-5DB0-4B97-A485-D2F1126AA706}.Debug|Any CPU.Build.0 = Debug|Any CPU
		{E5B1B486-5DB0-4B97-A485-D2F1126AA706}.Release|Any CPU.ActiveCfg = Release|Any CPU
		{E5B1B486-5DB0-4B97-A485-D2F1126AA706}.Release|Any CPU.Build.0 = Release|Any CPU
		{B1A60F94-4385-42CA-825A-37DD856BCCFD}.Debug|Any CPU.ActiveCfg = Debug|Any CPU
		{B1A60F94-4385-42CA-825A-37DD856BCCFD}.Debug|Any CPU.Build.0 = Debug|Any CPU
		{B1A60F94-4385-42CA-825A-37DD856BCCFD}.Release|Any CPU.ActiveCfg = Release|Any CPU
		{B1A60F94-4385-42CA-825A-37DD856BCCFD}.Release|Any CPU.Build.0 = Release|Any CPU
		{48646AD7-5CD4-4CF8-81C6-21DF5F367F7A}.Debug|Any CPU.ActiveCfg = Debug|Any CPU
		{48646AD7-5CD4-4CF8-81C6-21DF5F367F7A}.Debug|Any CPU.Build.0 = Debug|Any CPU
		{48646AD7-5CD4-4CF8-81C6-21DF5F367F7A}.Release|Any CPU.ActiveCfg = Release|Any CPU
		{48646AD7-5CD4-4CF8-81C6-21DF5F367F7A}.Release|Any CPU.Build.0 = Release|Any CPU
	EndGlobalSection
	GlobalSection(SolutionProperties) = preSolution
		HideSolutionNode = FALSE
	EndGlobalSection
	GlobalSection(ExtensibilityGlobals) = postSolution
		SolutionGuid = {8FCDD46B-DD1E-4994-A3EE-FEFBF97BB76F}
	EndGlobalSection
EndGlobal
